
Microsoft Visual Studio Solution File, Format Version 12.00
# Visual Studio Version 17
VisualStudioVersion = 17.12.35728.132 d17.12
MinimumVisualStudioVersion = 10.0.40219.1
Project("{FAE04EC0-301F-11D3-BF4B-00C04F79EFBC}") = "ImageGeneratorApp", "ImageGeneratorApp\ImageGeneratorApp.csproj", "{22472084-0D5C-476E-B27F-5A3B4BC8B8E9}"
EndProject
Project("{FAE04EC0-301F-11D3-BF4B-00C04F79EFBC}") = "API", "API\API.csproj", "{568320B1-75E4-4293-9C3A-488EAB63A750}"
EndProject
Project("{FAE04EC0-301F-11D3-BF4B-00C04F79EFBC}") = "Shared", "Shared\Shared.csproj", "{07904EBD-11DA-4708-8A12-E969E5511DD0}"
EndProject
Global
	GlobalSection(SolutionConfigurationPlatforms) = preSolution
		Debug|Any CPU = Debug|Any CPU
		Release|Any CPU = Release|Any CPU
	EndGlobalSection
	GlobalSection(ProjectConfigurationPlatforms) = postSolution
		{22472084-0D5C-476E-B27F-5A3B4BC8B8E9}.Debug|Any CPU.ActiveCfg = Debug|Any CPU
		{22472084-0D5C-476E-B27F-5A3B4BC8B8E9}.Debug|Any CPU.Build.0 = Debug|Any CPU
		{22472084-0D5C-476E-B27F-5A3B4BC8B8E9}.Release|Any CPU.ActiveCfg = Release|Any CPU
		{22472084-0D5C-476E-B27F-5A3B4BC8B8E9}.Release|Any CPU.Build.0 = Release|Any CPU
		{568320B1-75E4-4293-9C3A-488EAB63A750}.Debug|Any CPU.ActiveCfg = Debug|Any CPU
		{568320B1-75E4-4293-9C3A-488EAB63A750}.Debug|Any CPU.Build.0 = Debug|Any CPU
		{568320B1-75E4-4293-9C3A-488EAB63A750}.Release|Any CPU.ActiveCfg = Release|Any CPU
		{568320B1-75E4-4293-9C3A-488EAB63A750}.Release|Any CPU.Build.0 = Release|Any CPU
		{07904EBD-11DA-4708-8A12-E969E5511DD0}.Debug|Any CPU.ActiveCfg = Debug|Any CPU
		{07904EBD-11DA-4708-8A12-E969E5511DD0}.Debug|Any CPU.Build.0 = Debug|Any CPU
		{07904EBD-11DA-4708-8A12-E969E5511DD0}.Release|Any CPU.ActiveCfg = Release|Any CPU
		{07904EBD-11DA-4708-8A12-E969E5511DD0}.Release|Any CPU.Build.0 = Release|Any CPU
	EndGlobalSection
	GlobalSection(SolutionProperties) = preSolution
		HideSolutionNode = FALSE
	EndGlobalSection
EndGlobal
